
Microsoft Visual Studio Solution File, Format Version 12.00
# Visual Studio Version 17
VisualStudioVersion = 17.5.33424.131
MinimumVisualStudioVersion = 10.0.40219.1
Project("{9A19103F-16F7-4668-BE54-9A1E7A4F7556}") = "PeliculasAPI", "PeliculasAPI\PeliculasAPI.csproj", "{79F301DF-7332-4EB7-89EE-BDE20E0570A0}"
EndProject
Project("{FAE04EC0-301F-11D3-BF4B-00C04F79EFBC}") = "PeliculasAPI.Tests", "PeliculasAPI.Tests\PeliculasAPI.Tests.csproj", "{776A9B3C-BEC4-4229-9494-43812B4160DF}"
EndProject
Global
	GlobalSection(SolutionConfigurationPlatforms) = preSolution
		Debug|Any CPU = Debug|Any CPU
		Release|Any CPU = Release|Any CPU
	EndGlobalSection
	GlobalSection(ProjectConfigurationPlatforms) = postSolution
		{79F301DF-7332-4EB7-89EE-BDE20E0570A0}.Debug|Any CPU.ActiveCfg = Debug|Any CPU
		{79F301DF-7332-4EB7-89EE-BDE20E0570A0}.Debug|Any CPU.Build.0 = Debug|Any CPU
		{79F301DF-7332-4EB7-89EE-BDE20E0570A0}.Release|Any CPU.ActiveCfg = Release|Any CPU
		{79F301DF-7332-4EB7-89EE-BDE20E0570A0}.Release|Any CPU.Build.0 = Release|Any CPU
		{776A9B3C-BEC4-4229-9494-43812B4160DF}.Debug|Any CPU.ActiveCfg = Debug|Any CPU
		{776A9B3C-BEC4-4229-9494-43812B4160DF}.Debug|Any CPU.Build.0 = Debug|Any CPU
		{776A9B3C-BEC4-4229-9494-43812B4160DF}.Release|Any CPU.ActiveCfg = Release|Any CPU
		{776A9B3C-BEC4-4229-9494-43812B4160DF}.Release|Any CPU.Build.0 = Release|Any CPU
	EndGlobalSection
	GlobalSection(SolutionProperties) = preSolution
		HideSolutionNode = FALSE
	EndGlobalSection
	GlobalSection(ExtensibilityGlobals) = postSolution
		SolutionGuid = {F7795D3F-929F-410D-815C-CC23225DC61A}
	EndGlobalSection
EndGlobal
